# This file was autogenerated by uv via the following command:
#    uv pip compile pyproject.toml -o uv.lock
aiohappyeyeballs==2.6.1
    # via aiohttp
aiohttp==3.12.14
    # via
    #   aiohttp-retry
    #   fsspec
    #   pinecone
aiohttp-retry==2.9.1
    # via pinecone
aiosignal==1.4.0
    # via aiohttp
alembic==1.16.4
    # via optuna
annotated-types==0.7.0
    # via pydantic
antlr4-python3-runtime==4.9.3
    # via omegaconf
anyio==4.9.0
    # via
    #   httpx
    #   jupyter-server
    #   openai
argon2-cffi==25.1.0
    # via jupyter-server
argon2-cffi-bindings==21.2.0
    # via argon2-cffi
arrow==1.3.0
    # via isoduration
asgiref==3.9.1
    # via django
asteroid-filterbanks==0.4.0
    # via pyannote-audio
asttokens==3.0.0
    # via stack-data
async-lru==2.0.5
    # via jupyterlab
async-timeout==4.0.3
    # via
    #   aiohttp
    #   langchain
attrs==25.3.0
    # via
    #   aiohttp
    #   jsonschema
    #   outcome
    #   referencing
    #   trio
av==15.0.0
    # via faster-whisper
babel==2.17.0
    # via jupyterlab-server
beautifulsoup4==4.13.4
    # via nbconvert
bleach==6.2.0
    # via nbconvert
cachetools==5.5.2
    # via google-auth
certifi==2025.7.14
    # via
    #   httpcore
    #   httpx
    #   pinecone
    #   pinecone-client
    #   requests
    #   selenium
cffi==1.17.1
    # via
    #   argon2-cffi-bindings
    #   pytest-codspeed
    #   soundfile
    #   trio
charset-normalizer==3.4.2
    # via requests
click==8.2.1
    # via
    #   nltk
    #   typer
colorama==0.4.6
    # via
    #   click
    #   colorlog
    #   ipython
    #   pytest
    #   tqdm
coloredlogs==15.0.1
    # via onnxruntime
colorlog==6.9.0
    # via optuna
comm==0.2.2
    # via ipykernel
contourpy==1.3.2
    # via matplotlib
ctranslate2==4.4.0
    # via
    #   faster-whisper
    #   whisperx
cycler==0.12.1
    # via matplotlib
debugpy==1.8.15
    # via ipykernel
decorator==5.2.1
    # via ipython
defusedxml==0.7.1
    # via nbconvert
distro==1.9.0
    # via openai
django==5.2.4
    # via woogawooga-project (pyproject.toml)
docopt==0.6.2
    # via
    #   pyannote-metrics
    #   pyannote-pipeline
einops==0.8.1
    # via pyannote-audio
exceptiongroup==1.3.0
    # via
    #   anyio
    #   ipython
    #   pytest
    #   trio
    #   trio-websocket
executing==2.2.0
    # via stack-data
faster-whisper==1.1.1
    # via whisperx
fastjsonschema==2.21.1
    # via nbformat
filelock==3.18.0
    # via
    #   huggingface-hub
    #   pyannote-pipeline
    #   torch
    #   transformers
flatbuffers==25.2.10
    # via onnxruntime
fonttools==4.59.0
    # via matplotlib
fqdn==1.5.1
    # via jsonschema
frozenlist==1.7.0
    # via
    #   aiohttp
    #   aiosignal
fsspec==2025.7.0
    # via
    #   huggingface-hub
    #   lightning
    #   pytorch-lightning
    #   torch
google-ai-generativelanguage==0.6.15
    # via google-generativeai
google-api-core==2.25.1
    # via
    #   google-ai-generativelanguage
    #   google-api-python-client
    #   google-generativeai
google-api-python-client==2.176.0
    # via google-generativeai
google-auth==2.40.3
    # via
    #   google-ai-generativelanguage
    #   google-api-core
    #   google-api-python-client
    #   google-auth-httplib2
    #   google-generativeai
google-auth-httplib2==0.2.0
    # via google-api-python-client
google-generativeai==0.8.5
    # via woogawooga-project (pyproject.toml)
googleapis-common-protos==1.70.0
    # via
    #   google-api-core
    #   grpcio-status
greenlet==3.2.3
    # via sqlalchemy
grpcio==1.73.1
    # via
    #   google-api-core
    #   grpcio-status
grpcio-status==1.71.2
    # via google-api-core
h11==0.16.0
    # via
    #   httpcore
    #   wsproto
httpcore==1.0.9
    # via httpx
httplib2==0.22.0
    # via
    #   google-api-python-client
    #   google-auth-httplib2
httpx==0.28.1
    # via
    #   jupyterlab
    #   langchain-tests
    #   langsmith
    #   openai
huggingface-hub==0.33.4
    # via
    #   faster-whisper
    #   pyannote-audio
    #   speechbrain
    #   tokenizers
    #   transformers
humanfriendly==10.0
    # via coloredlogs
hyperpyyaml==1.2.2
    # via speechbrain
idna==3.10
    # via
    #   anyio
    #   httpx
    #   jsonschema
    #   requests
    #   trio
    #   yarl
imbalanced-learn==0.12.4
    # via woogawooga-project (pyproject.toml)
iniconfig==2.1.0
    # via pytest
ipykernel==6.30.0
    # via
    #   woogawooga-project (pyproject.toml)
    #   jupyterlab
ipython==8.37.0
    # via ipykernel
isoduration==20.11.0
    # via jsonschema
jedi==0.19.2
    # via ipython
jinja2==3.1.6
    # via
    #   jupyter-server
    #   jupyterlab
    #   jupyterlab-server
    #   nbconvert
    #   torch
jiter==0.10.0
    # via openai
joblib==1.5.1
    # via
    #   woogawooga-project (pyproject.toml)
    #   imbalanced-learn
    #   nltk
    #   scikit-learn
    #   speechbrain
jpype1==1.6.0
    # via
    #   woogawooga-project (pyproject.toml)
    #   konlpy
json5==0.12.0
    # via jupyterlab-server
jsonpatch==1.33
    # via langchain-core
jsonpointer==3.0.0
    # via
    #   jsonpatch
    #   jsonschema
jsonschema==4.25.0
    # via
    #   jupyter-events
    #   jupyterlab-server
    #   nbformat
jsonschema-specifications==2025.4.1
    # via jsonschema
julius==0.2.7
    # via torch-audiomentations
jupyter-client==8.6.3
    # via
    #   ipykernel
    #   jupyter-server
    #   nbclient
jupyter-core==5.8.1
    # via
    #   ipykernel
    #   jupyter-client
    #   jupyter-server
    #   jupyterlab
    #   nbclient
    #   nbconvert
    #   nbformat
jupyter-events==0.12.0
    # via jupyter-server
jupyter-lsp==2.2.6
    # via jupyterlab
jupyter-server==2.16.0
    # via
    #   jupyter-lsp
    #   jupyterlab
    #   jupyterlab-server
    #   notebook
    #   notebook-shim
jupyter-server-terminals==0.5.3
    # via jupyter-server
jupyterlab==4.4.5
    # via
    #   woogawooga-project (pyproject.toml)
    #   notebook
jupyterlab-pygments==0.3.0
    # via nbconvert
jupyterlab-server==2.27.3
    # via
    #   jupyterlab
    #   notebook
kiwipiepy==0.21.0
    # via woogawooga-project (pyproject.toml)
kiwipiepy-model==0.21.0
    # via kiwipiepy
kiwisolver==1.4.8
    # via matplotlib
konlpy==0.6.0
    # via woogawooga-project (pyproject.toml)
koreanize-matplotlib==0.1.1
    # via woogawooga-project (pyproject.toml)
langchain==0.3.26
    # via woogawooga-project (pyproject.toml)
langchain-core==0.3.71
    # via
    #   langchain
    #   langchain-openai
    #   langchain-pinecone
    #   langchain-tests
    #   langchain-text-splitters
langchain-openai==0.3.28
    # via
    #   woogawooga-project (pyproject.toml)
    #   langchain-pinecone
langchain-pinecone==0.2.9
    # via woogawooga-project (pyproject.toml)
langchain-tests==0.3.20
    # via langchain-pinecone
langchain-text-splitters==0.3.8
    # via langchain
langsmith==0.4.8
    # via
    #   langchain
    #   langchain-core
lark==1.2.2
    # via rfc3987-syntax
lightgbm==4.6.0
    # via woogawooga-project (pyproject.toml)
lightning==2.5.2
    # via pyannote-audio
lightning-utilities==0.14.3
    # via
    #   lightning
    #   pytorch-lightning
    #   torchmetrics
llvmlite==0.44.0
    # via numba
lxml==6.0.0
    # via
    #   konlpy
    #   python-docx
mako==1.3.10
    # via alembic
markdown-it-py==3.0.0
    # via rich
markupsafe==3.0.2
    # via
    #   jinja2
    #   mako
    #   nbconvert
matplotlib==3.10.3
    # via
    #   woogawooga-project (pyproject.toml)
    #   koreanize-matplotlib
    #   pyannote-metrics
    #   seaborn
    #   wordcloud
matplotlib-inline==0.1.7
    # via
    #   ipykernel
    #   ipython
mdurl==0.1.2
    # via markdown-it-py
mistune==3.1.3
    # via nbconvert
more-itertools==10.7.0
    # via openai-whisper
mpmath==1.3.0
    # via sympy
multidict==6.6.3
    # via
    #   aiohttp
    #   yarl
mysqlclient==2.2.7
    # via woogawooga-project (pyproject.toml)
nbclient==0.10.2
    # via nbconvert
nbconvert==7.16.6
    # via jupyter-server
nbformat==5.10.4
    # via
    #   jupyter-server
    #   nbclient
    #   nbconvert
nest-asyncio==1.6.0
    # via ipykernel
networkx==3.4.2
    # via torch
nltk==3.9.1
    # via
    #   woogawooga-project (pyproject.toml)
    #   whisperx
notebook==7.4.4
    # via woogawooga-project (pyproject.toml)
notebook-shim==0.2.4
    # via
    #   jupyterlab
    #   notebook
numba==0.61.2
    # via openai-whisper
numpy==2.2.6
    # via
    #   woogawooga-project (pyproject.toml)
    #   asteroid-filterbanks
    #   contourpy
    #   ctranslate2
    #   imbalanced-learn
    #   kiwipiepy
    #   konlpy
    #   langchain-pinecone
    #   langchain-tests
    #   lightgbm
    #   matplotlib
    #   numba
    #   onnxruntime
    #   openai-whisper
    #   opencv-contrib-python
    #   optuna
    #   pandas
    #   pyannote-core
    #   pyannote-metrics
    #   pytorch-metric-learning
    #   scikit-learn
    #   scipy
    #   seaborn
    #   soundfile
    #   speechbrain
    #   tensorboardx
    #   torchmetrics
    #   torchvision
    #   transformers
    #   whisperx
    #   wordcloud
    #   xgboost
omegaconf==2.3.0
    # via pyannote-audio
onnxruntime==1.22.1
    # via
    #   faster-whisper
    #   whisperx
openai==1.97.1
    # via langchain-openai
openai-whisper==20250625
    # via woogawooga-project (pyproject.toml)
opencv-contrib-python==4.12.0.88
    # via woogawooga-project (pyproject.toml)
optuna==4.4.0
    # via pyannote-pipeline
orjson==3.11.0
    # via langsmith
outcome==1.3.0.post0
    # via
    #   trio
    #   trio-websocket
overrides==7.7.0
    # via jupyter-server
packaging==24.2
    # via
    #   huggingface-hub
    #   ipykernel
    #   jpype1
    #   jupyter-events
    #   jupyter-server
    #   jupyterlab
    #   jupyterlab-server
    #   langchain-core
    #   langsmith
    #   lightning
    #   lightning-utilities
    #   matplotlib
    #   nbconvert
    #   onnxruntime
    #   optuna
    #   pinecone-plugin-assistant
    #   pytest
    #   pytorch-lightning
    #   speechbrain
    #   tensorboardx
    #   torch-pitch-shift
    #   torchmetrics
    #   transformers
    #   webdriver-manager
pandas==2.3.1
    # via
    #   woogawooga-project (pyproject.toml)
    #   pyannote-database
    #   pyannote-metrics
    #   seaborn
    #   whisperx
pandocfilters==1.5.1
    # via nbconvert
parso==0.8.4
    # via jedi
pillow==11.3.0
    # via
    #   matplotlib
    #   torchvision
    #   wordcloud
pinecone==7.3.0
    # via langchain-pinecone
pinecone-client==6.0.0
    # via woogawooga-project (pyproject.toml)
pinecone-plugin-assistant==1.7.0
    # via pinecone
pinecone-plugin-interface==0.0.7
    # via
    #   pinecone
    #   pinecone-client
platformdirs==4.3.8
    # via jupyter-core
pluggy==1.6.0
    # via pytest
primepy==1.3
    # via torch-pitch-shift
prometheus-client==0.22.1
    # via jupyter-server
prompt-toolkit==3.0.51
    # via ipython
propcache==0.3.2
    # via
    #   aiohttp
    #   yarl
proto-plus==1.26.1
    # via
    #   google-ai-generativelanguage
    #   google-api-core
protobuf==5.29.5
    # via
    #   google-ai-generativelanguage
    #   google-api-core
    #   google-generativeai
    #   googleapis-common-protos
    #   grpcio-status
    #   onnxruntime
    #   proto-plus
    #   tensorboardx
psutil==7.0.0
    # via ipykernel
pure-eval==0.2.3
    # via stack-data
py-cpuinfo==9.0.0
    # via pytest-benchmark
pyannote-audio==3.3.2
    # via
    #   woogawooga-project (pyproject.toml)
    #   whisperx
pyannote-core==5.0.0
    # via
    #   pyannote-audio
    #   pyannote-database
    #   pyannote-metrics
    #   pyannote-pipeline
pyannote-database==5.1.3
    # via
    #   pyannote-audio
    #   pyannote-metrics
    #   pyannote-pipeline
pyannote-metrics==3.2.1
    # via pyannote-audio
pyannote-pipeline==3.0.1
    # via pyannote-audio
pyasn1==0.6.1
    # via
    #   pyasn1-modules
    #   rsa
pyasn1-modules==0.4.2
    # via google-auth
pycparser==2.22
    # via cffi
pydantic==2.11.7
    # via
    #   google-generativeai
    #   langchain
    #   langchain-core
    #   langsmith
    #   openai
pydantic-core==2.33.2
    # via pydantic
pygments==2.19.2
    # via
    #   ipython
    #   nbconvert
    #   pytest
    #   rich
pyparsing==3.2.3
    # via
    #   httplib2
    #   matplotlib
pyreadline3==3.5.4
    # via humanfriendly
pysocks==1.7.1
    # via urllib3
pytest==8.4.1
    # via
    #   langchain-tests
    #   pytest-asyncio
    #   pytest-benchmark
    #   pytest-codspeed
    #   pytest-recording
    #   pytest-socket
    #   syrupy
pytest-asyncio==0.26.0
    # via langchain-tests
pytest-benchmark==5.1.0
    # via langchain-tests
pytest-codspeed==4.0.0
    # via langchain-tests
pytest-recording==0.13.4
    # via langchain-tests
pytest-socket==0.7.0
    # via langchain-tests
python-dateutil==2.9.0.post0
    # via
    #   arrow
    #   jupyter-client
    #   matplotlib
    #   pandas
    #   pinecone
    #   pinecone-client
python-docx==1.2.0
    # via woogawooga-project (pyproject.toml)
python-dotenv==1.1.1
    # via
    #   woogawooga-project (pyproject.toml)
    #   webdriver-manager
python-json-logger==3.3.0
    # via jupyter-events
pytorch-lightning==2.5.2
    # via lightning
pytorch-metric-learning==2.8.1
    # via pyannote-audio
pytz==2025.2
    # via pandas
pywin32==311
    # via jupyter-core
pywinpty==2.0.15
    # via
    #   jupyter-server
    #   jupyter-server-terminals
    #   terminado
pyyaml==6.0.2
    # via
    #   ctranslate2
    #   huggingface-hub
    #   hyperpyyaml
    #   jupyter-events
    #   langchain
    #   langchain-core
    #   lightning
    #   omegaconf
    #   optuna
    #   pyannote-database
    #   pyannote-pipeline
    #   pytorch-lightning
    #   transformers
    #   vcrpy
pyzmq==27.0.0
    # via
    #   ipykernel
    #   jupyter-client
    #   jupyter-server
referencing==0.36.2
    # via
    #   jsonschema
    #   jsonschema-specifications
    #   jupyter-events
regex==2024.11.6
    # via
    #   nltk
    #   tiktoken
    #   transformers
requests==2.32.4
    # via
    #   woogawooga-project (pyproject.toml)
    #   google-api-core
    #   huggingface-hub
    #   jupyterlab-server
    #   langchain
    #   langsmith
    #   pinecone-plugin-assistant
    #   requests-toolbelt
    #   tiktoken
    #   transformers
    #   webdriver-manager
requests-toolbelt==1.0.0
    # via langsmith
rfc3339-validator==0.1.4
    # via
    #   jsonschema
    #   jupyter-events
rfc3986-validator==0.1.1
    # via
    #   jsonschema
    #   jupyter-events
rfc3987-syntax==1.1.0
    # via jsonschema
rich==14.0.0
    # via
    #   pyannote-audio
    #   pytest-codspeed
    #   typer
rpds-py==0.26.0
    # via
    #   jsonschema
    #   referencing
rsa==4.9.1
    # via google-auth
ruamel-yaml==0.18.14
    # via hyperpyyaml
ruamel-yaml-clib==0.2.12
    # via ruamel-yaml
safetensors==0.5.3
    # via transformers
scikit-learn==1.7.1
    # via
    #   woogawooga-project (pyproject.toml)
    #   imbalanced-learn
    #   pyannote-metrics
    #   pyannote-pipeline
    #   pytorch-metric-learning
scipy==1.15.3
    # via
    #   woogawooga-project (pyproject.toml)
    #   imbalanced-learn
    #   lightgbm
    #   pyannote-core
    #   pyannote-metrics
    #   scikit-learn
    #   speechbrain
    #   xgboost
seaborn==0.13.2
    # via woogawooga-project (pyproject.toml)
selenium==4.34.2
    # via woogawooga-project (pyproject.toml)
semver==3.0.4
    # via pyannote-audio
send2trash==1.8.3
    # via jupyter-server
sentencepiece==0.2.0
    # via speechbrain
setuptools==80.9.0
    # via
    #   ctranslate2
    #   jupyterlab
    #   lightning-utilities
shellingham==1.5.4
    # via typer
six==1.17.0
    # via
    #   python-dateutil
    #   rfc3339-validator
sniffio==1.3.1
    # via
    #   anyio
    #   openai
    #   trio
sortedcontainers==2.4.0
    # via
    #   pyannote-core
    #   trio
soundfile==0.13.1
    # via pyannote-audio
soupsieve==2.7
    # via beautifulsoup4
speechbrain==1.0.3
    # via pyannote-audio
sqlalchemy==2.0.41
    # via
    #   alembic
    #   langchain
    #   optuna
sqlparse==0.5.3
    # via django
stack-data==0.6.3
    # via ipython
stopwordsiso==0.6.1
    # via woogawooga-project (pyproject.toml)
sympy==1.14.0
    # via
    #   onnxruntime
    #   pyannote-metrics
    #   torch
syrupy==4.9.1
    # via langchain-tests
tabulate==0.9.0
    # via pyannote-metrics
tenacity==9.1.2
    # via langchain-core
tensorboardx==2.6.4
    # via pyannote-audio
terminado==0.18.1
    # via
    #   jupyter-server
    #   jupyter-server-terminals
threadpoolctl==3.6.0
    # via
    #   imbalanced-learn
    #   scikit-learn
tiktoken==0.9.0
    # via
    #   langchain-openai
    #   openai-whisper
tinycss2==1.4.0
    # via bleach
tokenizers==0.21.2
    # via
    #   faster-whisper
    #   transformers
tomli==2.2.1
    # via
    #   alembic
    #   jupyterlab
    #   pytest
torch==2.7.1
    # via
    #   woogawooga-project (pyproject.toml)
    #   asteroid-filterbanks
    #   julius
    #   lightning
    #   openai-whisper
    #   pyannote-audio
    #   pytorch-lightning
    #   pytorch-metric-learning
    #   speechbrain
    #   torch-audiomentations
    #   torch-pitch-shift
    #   torchaudio
    #   torchmetrics
    #   torchvision
    #   whisperx
torch-audiomentations==0.12.0
    # via pyannote-audio
torch-pitch-shift==1.2.5
    # via torch-audiomentations
torchaudio==2.7.1
    # via
    #   pyannote-audio
    #   speechbrain
    #   torch-audiomentations
    #   torch-pitch-shift
    #   whisperx
torchmetrics==1.7.4
    # via
    #   lightning
    #   pyannote-audio
    #   pytorch-lightning
torchvision==0.22.1
    # via woogawooga-project (pyproject.toml)
tornado==6.5.1
    # via
    #   ipykernel
    #   jupyter-client
    #   jupyter-server
    #   jupyterlab
    #   notebook
    #   terminado
tqdm==4.67.1
    # via
    #   woogawooga-project (pyproject.toml)
    #   faster-whisper
    #   google-generativeai
    #   huggingface-hub
    #   kiwipiepy
    #   lightning
    #   nltk
    #   openai
    #   openai-whisper
    #   optuna
    #   pyannote-pipeline
    #   pytorch-lightning
    #   pytorch-metric-learning
    #   speechbrain
    #   transformers
traitlets==5.14.3
    # via
    #   comm
    #   ipykernel
    #   ipython
    #   jupyter-client
    #   jupyter-core
    #   jupyter-events
    #   jupyter-server
    #   jupyterlab
    #   matplotlib-inline
    #   nbclient
    #   nbconvert
    #   nbformat
transformers==4.53.3
    # via whisperx
trio==0.30.0
    # via
    #   selenium
    #   trio-websocket
trio-websocket==0.12.2
    # via selenium
typer==0.16.0
    # via pyannote-database
types-python-dateutil==2.9.0.20250708
    # via arrow
typing-extensions==4.14.1
    # via
    #   aiosignal
    #   alembic
    #   anyio
    #   asgiref
    #   asteroid-filterbanks
    #   async-lru
    #   beautifulsoup4
    #   exceptiongroup
    #   google-generativeai
    #   huggingface-hub
    #   ipython
    #   langchain-core
    #   lightning
    #   lightning-utilities
    #   mistune
    #   multidict
    #   openai
    #   pinecone
    #   pinecone-client
    #   pyannote-core
    #   pydantic
    #   pydantic-core
    #   python-docx
    #   pytorch-lightning
    #   referencing
    #   rich
    #   selenium
    #   sqlalchemy
    #   torch
    #   typer
    #   typing-inspection
typing-inspection==0.4.1
    # via pydantic
tzdata==2025.2
    # via
    #   django
    #   pandas
uri-template==1.3.0
    # via jsonschema
uritemplate==4.2.0
    # via google-api-python-client
urllib3==2.5.0
    # via
    #   pinecone
    #   pinecone-client
    #   requests
    #   selenium
    #   vcrpy
vcrpy==7.0.0
    # via
    #   langchain-tests
    #   pytest-recording
wcwidth==0.2.13
    # via prompt-toolkit
webcolors==24.11.1
    # via jsonschema
webdriver-manager==4.0.2
    # via woogawooga-project (pyproject.toml)
webencodings==0.5.1
    # via
    #   bleach
    #   tinycss2
websocket-client==1.8.0
    # via
    #   jupyter-server
    #   selenium
whisperx==3.4.2
    # via woogawooga-project (pyproject.toml)
wordcloud==1.9.4
    # via woogawooga-project (pyproject.toml)
wrapt==1.17.2
    # via vcrpy
wsproto==1.2.0
    # via trio-websocket
xgboost==3.0.2
    # via woogawooga-project (pyproject.toml)
yarl==1.20.1
    # via
    #   aiohttp
    #   vcrpy
zstandard==0.23.0
    # via langsmith
